
Microsoft Visual Studio Solution File, Format Version 12.00
# Visual Studio Version 17
VisualStudioVersion = 17.5.33627.172
MinimumVisualStudioVersion = 10.0.40219.1
Project("{9A19103F-16F7-4668-BE54-9A1E7A4F7556}") = "speachToText", "speachToText.csproj", "{F5561913-5888-4805-9861-1F368D9D779C}"
EndProject
Global
	GlobalSection(SolutionConfigurationPlatforms) = preSolution
		Debug|Any CPU = Debug|Any CPU
		Release|Any CPU = Release|Any CPU
	EndGlobalSection
	GlobalSection(ProjectConfigurationPlatforms) = postSolution
		{F5561913-5888-4805-9861-1F368D9D779C}.Debug|Any CPU.ActiveCfg = Debug|Any CPU
		{F5561913-5888-4805-9861-1F368D9D779C}.Debug|Any CPU.Build.0 = Debug|Any CPU
		{F5561913-5888-4805-9861-1F368D9D779C}.Release|Any CPU.ActiveCfg = Release|Any CPU
		{F5561913-5888-4805-9861-1F368D9D779C}.Release|Any CPU.Build.0 = Release|Any CPU
	EndGlobalSection
	GlobalSection(SolutionProperties) = preSolution
		HideSolutionNode = FALSE
	EndGlobalSection
	GlobalSection(ExtensibilityGlobals) = postSolution
		SolutionGuid = {E2428229-6C71-4A84-B157-35E8CCA36A21}
	EndGlobalSection
EndGlobal
